
Microsoft Visual Studio Solution File, Format Version 12.00
# Visual Studio 15
VisualStudioVersion = 15.0.26730.10
MinimumVisualStudioVersion = 10.0.40219.1
Project("{FAE04EC0-301F-11D3-BF4B-00C04F79EFBC}") = "MissionsApp1.Android", "MissionsApp1\MissionsApp1.Android\MissionsApp1.Android.csproj", "{E3162629-0D16-4CD0-A1C7-47AE052A7016}"
EndProject
Project("{FAE04EC0-301F-11D3-BF4B-00C04F79EFBC}") = "MissionsApp1", "MissionsApp1\MissionsApp1\MissionsApp1.csproj", "{B8E1672F-F2F5-43A2-BAAF-8EDC2560A5A5}"
EndProject
Project("{FAE04EC0-301F-11D3-BF4B-00C04F79EFBC}") = "MissionsApp1.UWP", "MissionsApp1\MissionsApp1.UWP\MissionsApp1.UWP.csproj", "{FBDF8042-8B4A-4453-A622-28924BFC85CE}"
EndProject
Project("{FAE04EC0-301F-11D3-BF4B-00C04F79EFBC}") = "MissionsApp1.iOS", "MissionsApp1\MissionsApp1.iOS\MissionsApp1.iOS.csproj", "{82625EDB-A9FF-44E0-924F-70D740B7AE46}"
EndProject
Global
	GlobalSection(SolutionConfigurationPlatforms) = preSolution
		Ad-Hoc|Any CPU = Ad-Hoc|Any CPU
		Ad-Hoc|ARM = Ad-Hoc|ARM
		Ad-Hoc|iPhone = Ad-Hoc|iPhone
		Ad-Hoc|iPhoneSimulator = Ad-Hoc|iPhoneSimulator
		Ad-Hoc|x64 = Ad-Hoc|x64
		Ad-Hoc|x86 = Ad-Hoc|x86
		AppStore|Any CPU = AppStore|Any CPU
		AppStore|ARM = AppStore|ARM
		AppStore|iPhone = AppStore|iPhone
		AppStore|iPhoneSimulator = AppStore|iPhoneSimulator
		AppStore|x64 = AppStore|x64
		AppStore|x86 = AppStore|x86
		Debug|Any CPU = Debug|Any CPU
		Debug|ARM = Debug|ARM
		Debug|iPhone = Debug|iPhone
		Debug|iPhoneSimulator = Debug|iPhoneSimulator
		Debug|x64 = Debug|x64
		Debug|x86 = Debug|x86
		Release|Any CPU = Release|Any CPU
		Release|ARM = Release|ARM
		Release|iPhone = Release|iPhone
		Release|iPhoneSimulator = Release|iPhoneSimulator
		Release|x64 = Release|x64
		Release|x86 = Release|x86
	EndGlobalSection
	GlobalSection(ProjectConfigurationPlatforms) = postSolution
		{E3162629-0D16-4CD0-A1C7-47AE052A7016}.Ad-Hoc|Any CPU.ActiveCfg = Release|Any CPU
		{E3162629-0D16-4CD0-A1C7-47AE052A7016}.Ad-Hoc|Any CPU.Build.0 = Release|Any CPU
		{E3162629-0D16-4CD0-A1C7-47AE052A7016}.Ad-Hoc|Any CPU.Deploy.0 = Release|Any CPU
		{E3162629-0D16-4CD0-A1C7-47AE052A7016}.Ad-Hoc|ARM.ActiveCfg = Release|Any CPU
		{E3162629-0D16-4CD0-A1C7-47AE052A7016}.Ad-Hoc|ARM.Build.0 = Release|Any CPU
		{E3162629-0D16-4CD0-A1C7-47AE052A7016}.Ad-Hoc|ARM.Deploy.0 = Release|Any CPU
		{E3162629-0D16-4CD0-A1C7-47AE052A7016}.Ad-Hoc|iPhone.ActiveCfg = Release|Any CPU
		{E3162629-0D16-4CD0-A1C7-47AE052A7016}.Ad-Hoc|iPhone.Build.0 = Release|Any CPU
		{E3162629-0D16-4CD0-A1C7-47AE052A7016}.Ad-Hoc|iPhone.Deploy.0 = Release|Any CPU
		{E3162629-0D16-4CD0-A1C7-47AE052A7016}.Ad-Hoc|iPhoneSimulator.ActiveCfg = Release|Any CPU
		{E3162629-0D16-4CD0-A1C7-47AE052A7016}.Ad-Hoc|iPhoneSimulator.Build.0 = Release|Any CPU
		{E3162629-0D16-4CD0-A1C7-47AE052A7016}.Ad-Hoc|iPhoneSimulator.Deploy.0 = Release|Any CPU
		{E3162629-0D16-4CD0-A1C7-47AE052A7016}.Ad-Hoc|x64.ActiveCfg = Release|Any CPU
		{E3162629-0D16-4CD0-A1C7-47AE052A7016}.Ad-Hoc|x64.Build.0 = Release|Any CPU
		{E3162629-0D16-4CD0-A1C7-47AE052A7016}.Ad-Hoc|x64.Deploy.0 = Release|Any CPU
		{E3162629-0D16-4CD0-A1C7-47AE052A7016}.Ad-Hoc|x86.ActiveCfg = Release|Any CPU
		{E3162629-0D16-4CD0-A1C7-47AE052A7016}.Ad-Hoc|x86.Build.0 = Release|Any CPU
		{E3162629-0D16-4CD0-A1C7-47AE052A7016}.Ad-Hoc|x86.Deploy.0 = Release|Any CPU
		{E3162629-0D16-4CD0-A1C7-47AE052A7016}.AppStore|Any CPU.ActiveCfg = Release|Any CPU
		{E3162629-0D16-4CD0-A1C7-47AE052A7016}.AppStore|Any CPU.Build.0 = Release|Any CPU
		{E3162629-0D16-4CD0-A1C7-47AE052A7016}.AppStore|Any CPU.Deploy.0 = Release|Any CPU
		{E3162629-0D16-4CD0-A1C7-47AE052A7016}.AppStore|ARM.ActiveCfg = Release|Any CPU
		{E3162629-0D16-4CD0-A1C7-47AE052A7016}.AppStore|ARM.Build.0 = Release|Any CPU
		{E3162629-0D16-4CD0-A1C7-47AE052A7016}.AppStore|ARM.Deploy.0 = Release|Any CPU
		{E3162629-0D16-4CD0-A1C7-47AE052A7016}.AppStore|iPhone.ActiveCfg = Release|Any CPU
		{E3162629-0D16-4CD0-A1C7-47AE052A7016}.AppStore|iPhone.Build.0 = Release|Any CPU
		{E3162629-0D16-4CD0-A1C7-47AE052A7016}.AppStore|iPhone.Deploy.0 = Release|Any CPU
		{E3162629-0D16-4CD0-A1C7-47AE052A7016}.AppStore|iPhoneSimulator.ActiveCfg = Release|Any CPU
		{E3162629-0D16-4CD0-A1C7-47AE052A7016}.AppStore|iPhoneSimulator.Build.0 = Release|Any CPU
		{E3162629-0D16-4CD0-A1C7-47AE052A7016}.AppStore|iPhoneSimulator.Deploy.0 = Release|Any CPU
		{E3162629-0D16-4CD0-A1C7-47AE052A7016}.AppStore|x64.ActiveCfg = Release|Any CPU
		{E3162629-0D16-4CD0-A1C7-47AE052A7016}.AppStore|x64.Build.0 = Release|Any CPU
		{E3162629-0D16-4CD0-A1C7-47AE052A7016}.AppStore|x64.Deploy.0 = Release|Any CPU
		{E3162629-0D16-4CD0-A1C7-47AE052A7016}.AppStore|x86.ActiveCfg = Release|Any CPU
		{E3162629-0D16-4CD0-A1C7-47AE052A7016}.AppStore|x86.Build.0 = Release|Any CPU
		{E3162629-0D16-4CD0-A1C7-47AE052A7016}.AppStore|x86.Deploy.0 = Release|Any CPU
		{E3162629-0D16-4CD0-A1C7-47AE052A7016}.Debug|Any CPU.ActiveCfg = Debug|Any CPU
		{E3162629-0D16-4CD0-A1C7-47AE052A7016}.Debug|Any CPU.Build.0 = Debug|Any CPU
		{E3162629-0D16-4CD0-A1C7-47AE052A7016}.Debug|Any CPU.Deploy.0 = Debug|Any CPU
		{E3162629-0D16-4CD0-A1C7-47AE052A7016}.Debug|ARM.ActiveCfg = Debug|Any CPU
		{E3162629-0D16-4CD0-A1C7-47AE052A7016}.Debug|ARM.Build.0 = Debug|Any CPU
		{E3162629-0D16-4CD0-A1C7-47AE052A7016}.Debug|ARM.Deploy.0 = Debug|Any CPU
		{E3162629-0D16-4CD0-A1C7-47AE052A7016}.Debug|iPhone.ActiveCfg = Debug|Any CPU
		{E3162629-0D16-4CD0-A1C7-47AE052A7016}.Debug|iPhone.Build.0 = Debug|Any CPU
		{E3162629-0D16-4CD0-A1C7-47AE052A7016}.Debug|iPhone.Deploy.0 = Debug|Any CPU
		{E3162629-0D16-4CD0-A1C7-47AE052A7016}.Debug|iPhoneSimulator.ActiveCfg = Debug|Any CPU
		{E3162629-0D16-4CD0-A1C7-47AE052A7016}.Debug|iPhoneSimulator.Build.0 = Debug|Any CPU
		{E3162629-0D16-4CD0-A1C7-47AE052A7016}.Debug|iPhoneSimulator.Deploy.0 = Debug|Any CPU
		{E3162629-0D16-4CD0-A1C7-47AE052A7016}.Debug|x64.ActiveCfg = Debug|Any CPU
		{E3162629-0D16-4CD0-A1C7-47AE052A7016}.Debug|x64.Build.0 = Debug|Any CPU
		{E3162629-0D16-4CD0-A1C7-47AE052A7016}.Debug|x64.Deploy.0 = Debug|Any CPU
		{E3162629-0D16-4CD0-A1C7-47AE052A7016}.Debug|x86.ActiveCfg = Debug|Any CPU
		{E3162629-0D16-4CD0-A1C7-47AE052A7016}.Debug|x86.Build.0 = Debug|Any CPU
		{E3162629-0D16-4CD0-A1C7-47AE052A7016}.Debug|x86.Deploy.0 = Debug|Any CPU
		{E3162629-0D16-4CD0-A1C7-47AE052A7016}.Release|Any CPU.ActiveCfg = Release|Any CPU
		{E3162629-0D16-4CD0-A1C7-47AE052A7016}.Release|Any CPU.Build.0 = Release|Any CPU
		{E3162629-0D16-4CD0-A1C7-47AE052A7016}.Release|Any CPU.Deploy.0 = Release|Any CPU
		{E3162629-0D16-4CD0-A1C7-47AE052A7016}.Release|ARM.ActiveCfg = Release|Any CPU
		{E3162629-0D16-4CD0-A1C7-47AE052A7016}.Release|ARM.Build.0 = Release|Any CPU
		{E3162629-0D16-4CD0-A1C7-47AE052A7016}.Release|ARM.Deploy.0 = Release|Any CPU
		{E3162629-0D16-4CD0-A1C7-47AE052A7016}.Release|iPhone.ActiveCfg = Release|Any CPU
		{E3162629-0D16-4CD0-A1C7-47AE052A7016}.Release|iPhone.Build.0 = Release|Any CPU
		{E3162629-0D16-4CD0-A1C7-47AE052A7016}.Release|iPhone.Deploy.0 = Release|Any CPU
		{E3162629-0D16-4CD0-A1C7-47AE052A7016}.Release|iPhoneSimulator.ActiveCfg = Release|Any CPU
		{E3162629-0D16-4CD0-A1C7-47AE052A7016}.Release|iPhoneSimulator.Build.0 = Release|Any CPU
		{E3162629-0D16-4CD0-A1C7-47AE052A7016}.Release|iPhoneSimulator.Deploy.0 = Release|Any CPU
		{E3162629-0D16-4CD0-A1C7-47AE052A7016}.Release|x64.ActiveCfg = Release|Any CPU
		{E3162629-0D16-4CD0-A1C7-47AE052A7016}.Release|x64.Build.0 = Release|Any CPU
		{E3162629-0D16-4CD0-A1C7-47AE052A7016}.Release|x64.Deploy.0 = Release|Any CPU
		{E3162629-0D16-4CD0-A1C7-47AE052A7016}.Release|x86.ActiveCfg = Release|Any CPU
		{E3162629-0D16-4CD0-A1C7-47AE052A7016}.Release|x86.Build.0 = Release|Any CPU
		{E3162629-0D16-4CD0-A1C7-47AE052A7016}.Release|x86.Deploy.0 = Release|Any CPU
		{B8E1672F-F2F5-43A2-BAAF-8EDC2560A5A5}.Ad-Hoc|Any CPU.ActiveCfg = Release|Any CPU
		{B8E1672F-F2F5-43A2-BAAF-8EDC2560A5A5}.Ad-Hoc|Any CPU.Build.0 = Release|Any CPU
		{B8E1672F-F2F5-43A2-BAAF-8EDC2560A5A5}.Ad-Hoc|ARM.ActiveCfg = Release|Any CPU
		{B8E1672F-F2F5-43A2-BAAF-8EDC2560A5A5}.Ad-Hoc|ARM.Build.0 = Release|Any CPU
		{B8E1672F-F2F5-43A2-BAAF-8EDC2560A5A5}.Ad-Hoc|iPhone.ActiveCfg = Release|Any CPU
		{B8E1672F-F2F5-43A2-BAAF-8EDC2560A5A5}.Ad-Hoc|iPhone.Build.0 = Release|Any CPU
		{B8E1672F-F2F5-43A2-BAAF-8EDC2560A5A5}.Ad-Hoc|iPhoneSimulator.ActiveCfg = Release|Any CPU
		{B8E1672F-F2F5-43A2-BAAF-8EDC2560A5A5}.Ad-Hoc|iPhoneSimulator.Build.0 = Release|Any CPU
		{B8E1672F-F2F5-43A2-BAAF-8EDC2560A5A5}.Ad-Hoc|x64.ActiveCfg = Release|Any CPU
		{B8E1672F-F2F5-43A2-BAAF-8EDC2560A5A5}.Ad-Hoc|x64.Build.0 = Release|Any CPU
		{B8E1672F-F2F5-43A2-BAAF-8EDC2560A5A5}.Ad-Hoc|x86.ActiveCfg = Release|Any CPU
		{B8E1672F-F2F5-43A2-BAAF-8EDC2560A5A5}.Ad-Hoc|x86.Build.0 = Release|Any CPU
		{B8E1672F-F2F5-43A2-BAAF-8EDC2560A5A5}.AppStore|Any CPU.ActiveCfg = Release|Any CPU
		{B8E1672F-F2F5-43A2-BAAF-8EDC2560A5A5}.AppStore|Any CPU.Build.0 = Release|Any CPU
		{B8E1672F-F2F5-43A2-BAAF-8EDC2560A5A5}.AppStore|ARM.ActiveCfg = Release|Any CPU
		{B8E1672F-F2F5-43A2-BAAF-8EDC2560A5A5}.AppStore|ARM.Build.0 = Release|Any CPU
		{B8E1672F-F2F5-43A2-BAAF-8EDC2560A5A5}.AppStore|iPhone.ActiveCfg = Release|Any CPU
		{B8E1672F-F2F5-43A2-BAAF-8EDC2560A5A5}.AppStore|iPhone.Build.0 = Release|Any CPU
		{B8E1672F-F2F5-43A2-BAAF-8EDC2560A5A5}.AppStore|iPhoneSimulator.ActiveCfg = Release|Any CPU
		{B8E1672F-F2F5-43A2-BAAF-8EDC2560A5A5}.AppStore|iPhoneSimulator.Build.0 = Release|Any CPU
		{B8E1672F-F2F5-43A2-BAAF-8EDC2560A5A5}.AppStore|x64.ActiveCfg = Release|Any CPU
		{B8E1672F-F2F5-43A2-BAAF-8EDC2560A5A5}.AppStore|x64.Build.0 = Release|Any CPU
		{B8E1672F-F2F5-43A2-BAAF-8EDC2560A5A5}.AppStore|x86.ActiveCfg = Release|Any CPU
		{B8E1672F-F2F5-43A2-BAAF-8EDC2560A5A5}.AppStore|x86.Build.0 = Release|Any CPU
		{B8E1672F-F2F5-43A2-BAAF-8EDC2560A5A5}.Debug|Any CPU.ActiveCfg = Debug|Any CPU
		{B8E1672F-F2F5-43A2-BAAF-8EDC2560A5A5}.Debug|Any CPU.Build.0 = Debug|Any CPU
		{B8E1672F-F2F5-43A2-BAAF-8EDC2560A5A5}.Debug|ARM.ActiveCfg = Debug|Any CPU
		{B8E1672F-F2F5-43A2-BAAF-8EDC2560A5A5}.Debug|ARM.Build.0 = Debug|Any CPU
		{B8E1672F-F2F5-43A2-BAAF-8EDC2560A5A5}.Debug|iPhone.ActiveCfg = Debug|Any CPU
		{B8E1672F-F2F5-43A2-BAAF-8EDC2560A5A5}.Debug|iPhone.Build.0 = Debug|Any CPU
		{B8E1672F-F2F5-43A2-BAAF-8EDC2560A5A5}.Debug|iPhoneSimulator.ActiveCfg = Debug|Any CPU
		{B8E1672F-F2F5-43A2-BAAF-8EDC2560A5A5}.Debug|iPhoneSimulator.Build.0 = Debug|Any CPU
		{B8E1672F-F2F5-43A2-BAAF-8EDC2560A5A5}.Debug|x64.ActiveCfg = Debug|Any CPU
		{B8E1672F-F2F5-43A2-BAAF-8EDC2560A5A5}.Debug|x64.Build.0 = Debug|Any CPU
		{B8E1672F-F2F5-43A2-BAAF-8EDC2560A5A5}.Debug|x86.ActiveCfg = Debug|Any CPU
		{B8E1672F-F2F5-43A2-BAAF-8EDC2560A5A5}.Debug|x86.Build.0 = Debug|Any CPU
		{B8E1672F-F2F5-43A2-BAAF-8EDC2560A5A5}.Release|Any CPU.ActiveCfg = Release|Any CPU
		{B8E1672F-F2F5-43A2-BAAF-8EDC2560A5A5}.Release|Any CPU.Build.0 = Release|Any CPU
		{B8E1672F-F2F5-43A2-BAAF-8EDC2560A5A5}.Release|ARM.ActiveCfg = Release|Any CPU
		{B8E1672F-F2F5-43A2-BAAF-8EDC2560A5A5}.Release|ARM.Build.0 = Release|Any CPU
		{B8E1672F-F2F5-43A2-BAAF-8EDC2560A5A5}.Release|iPhone.ActiveCfg = Release|Any CPU
		{B8E1672F-F2F5-43A2-BAAF-8EDC2560A5A5}.Release|iPhone.Build.0 = Release|Any CPU
		{B8E1672F-F2F5-43A2-BAAF-8EDC2560A5A5}.Release|iPhoneSimulator.ActiveCfg = Release|Any CPU
		{B8E1672F-F2F5-43A2-BAAF-8EDC2560A5A5}.Release|iPhoneSimulator.Build.0 = Release|Any CPU
		{B8E1672F-F2F5-43A2-BAAF-8EDC2560A5A5}.Release|x64.ActiveCfg = Release|Any CPU
		{B8E1672F-F2F5-43A2-BAAF-8EDC2560A5A5}.Release|x64.Build.0 = Release|Any CPU
		{B8E1672F-F2F5-43A2-BAAF-8EDC2560A5A5}.Release|x86.ActiveCfg = Release|Any CPU
		{B8E1672F-F2F5-43A2-BAAF-8EDC2560A5A5}.Release|x86.Build.0 = Release|Any CPU
		{FBDF8042-8B4A-4453-A622-28924BFC85CE}.Ad-Hoc|Any CPU.ActiveCfg = Release|x86
		{FBDF8042-8B4A-4453-A622-28924BFC85CE}.Ad-Hoc|Any CPU.Build.0 = Release|x86
		{FBDF8042-8B4A-4453-A622-28924BFC85CE}.Ad-Hoc|Any CPU.Deploy.0 = Release|x86
		{FBDF8042-8B4A-4453-A622-28924BFC85CE}.Ad-Hoc|ARM.ActiveCfg = Release|ARM
		{FBDF8042-8B4A-4453-A622-28924BFC85CE}.Ad-Hoc|ARM.Build.0 = Release|ARM
		{FBDF8042-8B4A-4453-A622-28924BFC85CE}.Ad-Hoc|ARM.Deploy.0 = Release|ARM
		{FBDF8042-8B4A-4453-A622-28924BFC85CE}.Ad-Hoc|iPhone.ActiveCfg = Release|x86
		{FBDF8042-8B4A-4453-A622-28924BFC85CE}.Ad-Hoc|iPhone.Build.0 = Release|x86
		{FBDF8042-8B4A-4453-A622-28924BFC85CE}.Ad-Hoc|iPhone.Deploy.0 = Release|x86
		{FBDF8042-8B4A-4453-A622-28924BFC85CE}.Ad-Hoc|iPhoneSimulator.ActiveCfg = Release|x86
		{FBDF8042-8B4A-4453-A622-28924BFC85CE}.Ad-Hoc|iPhoneSimulator.Build.0 = Release|x86
		{FBDF8042-8B4A-4453-A622-28924BFC85CE}.Ad-Hoc|iPhoneSimulator.Deploy.0 = Release|x86
		{FBDF8042-8B4A-4453-A622-28924BFC85CE}.Ad-Hoc|x64.ActiveCfg = Release|x64
		{FBDF8042-8B4A-4453-A622-28924BFC85CE}.Ad-Hoc|x64.Build.0 = Release|x64
		{FBDF8042-8B4A-4453-A622-28924BFC85CE}.Ad-Hoc|x64.Deploy.0 = Release|x64
		{FBDF8042-8B4A-4453-A622-28924BFC85CE}.Ad-Hoc|x86.ActiveCfg = Release|x86
		{FBDF8042-8B4A-4453-A622-28924BFC85CE}.Ad-Hoc|x86.Build.0 = Release|x86
		{FBDF8042-8B4A-4453-A622-28924BFC85CE}.Ad-Hoc|x86.Deploy.0 = Release|x86
		{FBDF8042-8B4A-4453-A622-28924BFC85CE}.AppStore|Any CPU.ActiveCfg = Release|x86
		{FBDF8042-8B4A-4453-A622-28924BFC85CE}.AppStore|Any CPU.Build.0 = Release|x86
		{FBDF8042-8B4A-4453-A622-28924BFC85CE}.AppStore|Any CPU.Deploy.0 = Release|x86
		{FBDF8042-8B4A-4453-A622-28924BFC85CE}.AppStore|ARM.ActiveCfg = Release|ARM
		{FBDF8042-8B4A-4453-A622-28924BFC85CE}.AppStore|ARM.Build.0 = Release|ARM
		{FBDF8042-8B4A-4453-A622-28924BFC85CE}.AppStore|ARM.Deploy.0 = Release|ARM
		{FBDF8042-8B4A-4453-A622-28924BFC85CE}.AppStore|iPhone.ActiveCfg = Release|x86
		{FBDF8042-8B4A-4453-A622-28924BFC85CE}.AppStore|iPhone.Build.0 = Release|x86
		{FBDF8042-8B4A-4453-A622-28924BFC85CE}.AppStore|iPhone.Deploy.0 = Release|x86
		{FBDF8042-8B4A-4453-A622-28924BFC85CE}.AppStore|iPhoneSimulator.ActiveCfg = Release|x86
		{FBDF8042-8B4A-4453-A622-28924BFC85CE}.AppStore|iPhoneSimulator.Build.0 = Release|x86
		{FBDF8042-8B4A-4453-A622-28924BFC85CE}.AppStore|iPhoneSimulator.Deploy.0 = Release|x86
		{FBDF8042-8B4A-4453-A622-28924BFC85CE}.AppStore|x64.ActiveCfg = Release|x64
		{FBDF8042-8B4A-4453-A622-28924BFC85CE}.AppStore|x64.Build.0 = Release|x64
		{FBDF8042-8B4A-4453-A622-28924BFC85CE}.AppStore|x64.Deploy.0 = Release|x64
		{FBDF8042-8B4A-4453-A622-28924BFC85CE}.AppStore|x86.ActiveCfg = Release|x86
		{FBDF8042-8B4A-4453-A622-28924BFC85CE}.AppStore|x86.Build.0 = Release|x86
		{FBDF8042-8B4A-4453-A622-28924BFC85CE}.AppStore|x86.Deploy.0 = Release|x86
		{FBDF8042-8B4A-4453-A622-28924BFC85CE}.Debug|Any CPU.ActiveCfg = Debug|x86
		{FBDF8042-8B4A-4453-A622-28924BFC85CE}.Debug|ARM.ActiveCfg = Debug|ARM
		{FBDF8042-8B4A-4453-A622-28924BFC85CE}.Debug|ARM.Build.0 = Debug|ARM
		{FBDF8042-8B4A-4453-A622-28924BFC85CE}.Debug|ARM.Deploy.0 = Debug|ARM
		{FBDF8042-8B4A-4453-A622-28924BFC85CE}.Debug|iPhone.ActiveCfg = Debug|x86
		{FBDF8042-8B4A-4453-A622-28924BFC85CE}.Debug|iPhoneSimulator.ActiveCfg = Debug|x86
		{FBDF8042-8B4A-4453-A622-28924BFC85CE}.Debug|x64.ActiveCfg = Debug|x64
		{FBDF8042-8B4A-4453-A622-28924BFC85CE}.Debug|x64.Build.0 = Debug|x64
		{FBDF8042-8B4A-4453-A622-28924BFC85CE}.Debug|x64.Deploy.0 = Debug|x64
		{FBDF8042-8B4A-4453-A622-28924BFC85CE}.Debug|x86.ActiveCfg = Debug|x86
		{FBDF8042-8B4A-4453-A622-28924BFC85CE}.Debug|x86.Build.0 = Debug|x86
		{FBDF8042-8B4A-4453-A622-28924BFC85CE}.Debug|x86.Deploy.0 = Debug|x86
		{FBDF8042-8B4A-4453-A622-28924BFC85CE}.Release|Any CPU.ActiveCfg = Release|x86
		{FBDF8042-8B4A-4453-A622-28924BFC85CE}.Release|ARM.ActiveCfg = Release|ARM
		{FBDF8042-8B4A-4453-A622-28924BFC85CE}.Release|ARM.Build.0 = Release|ARM
		{FBDF8042-8B4A-4453-A622-28924BFC85CE}.Release|ARM.Deploy.0 = Release|ARM
		{FBDF8042-8B4A-4453-A622-28924BFC85CE}.Release|iPhone.ActiveCfg = Release|x86
		{FBDF8042-8B4A-4453-A622-28924BFC85CE}.Release|iPhoneSimulator.ActiveCfg = Release|x86
		{FBDF8042-8B4A-4453-A622-28924BFC85CE}.Release|x64.ActiveCfg = Release|x64
		{FBDF8042-8B4A-4453-A622-28924BFC85CE}.Release|x64.Build.0 = Release|x64
		{FBDF8042-8B4A-4453-A622-28924BFC85CE}.Release|x64.Deploy.0 = Release|x64
		{FBDF8042-8B4A-4453-A622-28924BFC85CE}.Release|x86.ActiveCfg = Release|x86
		{FBDF8042-8B4A-4453-A622-28924BFC85CE}.Release|x86.Build.0 = Release|x86
		{FBDF8042-8B4A-4453-A622-28924BFC85CE}.Release|x86.Deploy.0 = Release|x86
		{82625EDB-A9FF-44E0-924F-70D740B7AE46}.Ad-Hoc|Any CPU.ActiveCfg = Ad-Hoc|iPhone
		{82625EDB-A9FF-44E0-924F-70D740B7AE46}.Ad-Hoc|ARM.ActiveCfg = Ad-Hoc|iPhone
		{82625EDB-A9FF-44E0-924F-70D740B7AE46}.Ad-Hoc|iPhone.ActiveCfg = Ad-Hoc|iPhone
		{82625EDB-A9FF-44E0-924F-70D740B7AE46}.Ad-Hoc|iPhone.Build.0 = Ad-Hoc|iPhone
		{82625EDB-A9FF-44E0-924F-70D740B7AE46}.Ad-Hoc|iPhoneSimulator.ActiveCfg = Ad-Hoc|iPhoneSimulator
		{82625EDB-A9FF-44E0-924F-70D740B7AE46}.Ad-Hoc|iPhoneSimulator.Build.0 = Ad-Hoc|iPhoneSimulator
		{82625EDB-A9FF-44E0-924F-70D740B7AE46}.Ad-Hoc|x64.ActiveCfg = Ad-Hoc|iPhone
		{82625EDB-A9FF-44E0-924F-70D740B7AE46}.Ad-Hoc|x86.ActiveCfg = Ad-Hoc|iPhone
		{82625EDB-A9FF-44E0-924F-70D740B7AE46}.AppStore|Any CPU.ActiveCfg = AppStore|iPhone
		{82625EDB-A9FF-44E0-924F-70D740B7AE46}.AppStore|ARM.ActiveCfg = AppStore|iPhone
		{82625EDB-A9FF-44E0-924F-70D740B7AE46}.AppStore|iPhone.ActiveCfg = AppStore|iPhone
		{82625EDB-A9FF-44E0-924F-70D740B7AE46}.AppStore|iPhone.Build.0 = AppStore|iPhone
		{82625EDB-A9FF-44E0-924F-70D740B7AE46}.AppStore|iPhoneSimulator.ActiveCfg = AppStore|iPhoneSimulator
		{82625EDB-A9FF-44E0-924F-70D740B7AE46}.AppStore|iPhoneSimulator.Build.0 = AppStore|iPhoneSimulator
		{82625EDB-A9FF-44E0-924F-70D740B7AE46}.AppStore|x64.ActiveCfg = AppStore|iPhone
		{82625EDB-A9FF-44E0-924F-70D740B7AE46}.AppStore|x86.ActiveCfg = AppStore|iPhone
		{82625EDB-A9FF-44E0-924F-70D740B7AE46}.Debug|Any CPU.ActiveCfg = Debug|iPhone
		{82625EDB-A9FF-44E0-924F-70D740B7AE46}.Debug|ARM.ActiveCfg = Debug|iPhone
		{82625EDB-A9FF-44E0-924F-70D740B7AE46}.Debug|iPhone.ActiveCfg = Debug|iPhone
		{82625EDB-A9FF-44E0-924F-70D740B7AE46}.Debug|iPhone.Build.0 = Debug|iPhone
		{82625EDB-A9FF-44E0-924F-70D740B7AE46}.Debug|iPhoneSimulator.ActiveCfg = Debug|iPhoneSimulator
		{82625EDB-A9FF-44E0-924F-70D740B7AE46}.Debug|iPhoneSimulator.Build.0 = Debug|iPhoneSimulator
		{82625EDB-A9FF-44E0-924F-70D740B7AE46}.Debug|x64.ActiveCfg = Debug|iPhone
		{82625EDB-A9FF-44E0-924F-70D740B7AE46}.Debug|x86.ActiveCfg = Debug|iPhone
		{82625EDB-A9FF-44E0-924F-70D740B7AE46}.Release|Any CPU.ActiveCfg = Release|iPhone
		{82625EDB-A9FF-44E0-924F-70D740B7AE46}.Release|ARM.ActiveCfg = Release|iPhone
		{82625EDB-A9FF-44E0-924F-70D740B7AE46}.Release|iPhone.ActiveCfg = Release|iPhone
		{82625EDB-A9FF-44E0-924F-70D740B7AE46}.Release|iPhone.Build.0 = Release|iPhone
		{82625EDB-A9FF-44E0-924F-70D740B7AE46}.Release|iPhoneSimulator.ActiveCfg = Release|iPhoneSimulator
		{82625EDB-A9FF-44E0-924F-70D740B7AE46}.Release|iPhoneSimulator.Build.0 = Release|iPhoneSimulator
		{82625EDB-A9FF-44E0-924F-70D740B7AE46}.Release|x64.ActiveCfg = Release|iPhone
		{82625EDB-A9FF-44E0-924F-70D740B7AE46}.Release|x86.ActiveCfg = Release|iPhone
	EndGlobalSection
	GlobalSection(SolutionProperties) = preSolution
		HideSolutionNode = FALSE
	EndGlobalSection
	GlobalSection(ExtensibilityGlobals) = postSolution
		SolutionGuid = {764850B2-8676-479C-AD5B-6125CE5C0A2A}
	EndGlobalSection
EndGlobal
